
Microsoft Visual Studio Solution File, Format Version 12.00
# Visual Studio Version 16
VisualStudioVersion = 16.0.32510.428
MinimumVisualStudioVersion = 10.0.40219.1
Project("{8BC9CEB8-8B4A-11D0-8D11-00A0C91BC942}") = "DList", "DList\DList.vcxproj", "{1CB24193-3A96-4E18-8FDE-1CAB22B073FA}"
EndProject
Global
	GlobalSection(SolutionConfigurationPlatforms) = preSolution
		Debug|x64 = Debug|x64
		Debug|x86 = Debug|x86
		Release|x64 = Release|x64
		Release|x86 = Release|x86
	EndGlobalSection
	GlobalSection(ProjectConfigurationPlatforms) = postSolution
		{1CB24193-3A96-4E18-8FDE-1CAB22B073FA}.Debug|x64.ActiveCfg = Debug|x64
		{1CB24193-3A96-4E18-8FDE-1CAB22B073FA}.Debug|x64.Build.0 = Debug|x64
		{1CB24193-3A96-4E18-8FDE-1CAB22B073FA}.Debug|x86.ActiveCfg = Debug|Win32
		{1CB24193-3A96-4E18-8FDE-1CAB22B073FA}.Debug|x86.Build.0 = Debug|Win32
		{1CB24193-3A96-4E18-8FDE-1CAB22B073FA}.Release|x64.ActiveCfg = Release|x64
		{1CB24193-3A96-4E18-8FDE-1CAB22B073FA}.Release|x64.Build.0 = Release|x64
		{1CB24193-3A96-4E18-8FDE-1CAB22B073FA}.Release|x86.ActiveCfg = Release|Win32
		{1CB24193-3A96-4E18-8FDE-1CAB22B073FA}.Release|x86.Build.0 = Release|Win32
	EndGlobalSection
	GlobalSection(SolutionProperties) = preSolution
		HideSolutionNode = FALSE
	EndGlobalSection
	GlobalSection(ExtensibilityGlobals) = postSolution
		SolutionGuid = {434654D6-8EAF-409B-8181-FB471A6D88F3}
	EndGlobalSection
EndGlobal
